{
    "_readme": [
        "This file locks the dependencies of your project to a known state",
        "Read more about it at https://getcomposer.org/doc/01-basic-usage.md#installing-dependencies",
        "This file is @generated automatically"
    ],
    "content-hash": "425a2d87ae5d3fd637a6c5c6098b5085",
    "packages": [
        {
            "name": "myclabs/deep-copy",
            "version": "2.x-dev",
            "source": {
                "type": "git",
                "url": "https://github.com/myclabs/DeepCopy.git",
                "reference": "0ef5985b9a15dc8e62e6117486d734bdf512f38c"
            },
            "dist": {
                "type": "zip",
                "url": "https://api.github.com/repos/myclabs/DeepCopy/zipball/0ef5985b9a15dc8e62e6117486d734bdf512f38c",
                "reference": "0ef5985b9a15dc8e62e6117486d734bdf512f38c",
                "shasum": ""
            },
            "require": {
                "php": "^7.2"
            },
            "require-dev": {
                "doctrine/collections": "^1.0",
                "doctrine/common": "^2.6",
                "phpstan/phpstan": "^0.9.2",
                "phpstan/phpstan-phpunit": "^0.9.4",
                "phpunit/phpunit": "^7.1"
            },
            "type": "library",
            "autoload": {
                "files": [
                    "src/DeepCopy/deep_copy.php"
                ],
                "psr-4": {
                    "DeepCopy\\": "src/DeepCopy/"
                }
            },
            "notification-url": "https://packagist.org/downloads/",
            "license": [
                "MIT"
            ],
            "description": "Create deep copies (clones) of your objects",
            "keywords": [
                "clone",
                "copy",
                "duplicate",
                "object",
                "object graph"
            ],
            "support": {
                "issues": "https://github.com/myclabs/DeepCopy/issues",
                "source": "https://github.com/myclabs/DeepCopy/tree/2.x"
            },
            "time": "2020-01-09T19:00:58+00:00"
        },
        {
            "name": "numphp/numphp",
            "version": "1.2.x-dev",
            "source": {
                "type": "git",
                "url": "https://github.com/NumPHP/NumPHP.git",
                "reference": "cae62d83debee8b0f1e1c53e060c6688014dc0c8"
            },
            "dist": {
                "type": "zip",
                "url": "https://api.github.com/repos/NumPHP/NumPHP/zipball/cae62d83debee8b0f1e1c53e060c6688014dc0c8",
                "reference": "cae62d83debee8b0f1e1c53e060c6688014dc0c8",
                "shasum": ""
            },
            "require": {
                "php": ">=5.4"
            },
            "require-dev": {
                "phpmd/phpmd": "^2.7",
                "phpunit/phpunit": "^5.7",
                "satooshi/php-coveralls": "^2.1",
                "sebastian/phpcpd": "^3.0",
                "squizlabs/php_codesniffer": "^3.5"
            },
            "type": "library",
            "autoload": {
                "psr-0": {
                    "NumPHP\\": "src/"
                }
            },
            "notification-url": "https://packagist.org/downloads/",
            "license": [
                "MIT"
            ],
            "authors": [
                {
                    "name": "Gordon Lesti",
                    "email": "info@gordonlesti.com",
                    "homepage": "http://gordonlesti.com/",
                    "role": "developer"
                }
            ],
            "description": "Mathematical PHP library for scientific computing",
            "homepage": "http://numphp.org/",
            "keywords": [
                "linalg",
                "matrix",
                "numeric"
            ],
            "support": {
                "issues": "https://github.com/NumPHP/NumPHP/issues",
                "source": "https://github.com/NumPHP/NumPHP/tree/1.2"
            },
            "time": "2019-11-05T17:22:03+00:00"
        },
        {
            "name": "sciphp/numphp",
            "version": "0.4.0",
            "source": {
                "type": "git",
                "url": "https://github.com/sciphp/numphp.git",
                "reference": "102e63f633f131f3f5ff7424650b3addbc32a5bb"
            },
            "dist": {
                "type": "zip",
                "url": "https://api.github.com/repos/sciphp/numphp/zipball/102e63f633f131f3f5ff7424650b3addbc32a5bb",
                "reference": "102e63f633f131f3f5ff7424650b3addbc32a5bb",
                "shasum": ""
            },
            "require": {
                "php": ">=7.2",
                "webmozart/assert": "^1.2"
            },
            "require-dev": {
                "phpunit/phpunit": "*"
            },
            "type": "library",
            "autoload": {
                "psr-4": {
                    "SciPhp\\": "src/SciPhp/",
                    "SciPhpTest\\": "test/"
                }
            },
            "notification-url": "https://packagist.org/downloads/",
            "license": [
                "MIT"
            ],
            "description": "PHP library for scientific computing.",
            "homepage": "https://github.com/sciphp/numphp",
            "keywords": [
                "computing",
                "linear-algebra",
                "matrix",
                "numeric",
                "scientific"
            ],
            "support": {
                "issues": "https://github.com/sciphp/numphp/issues",
                "source": "https://github.com/sciphp/numphp/tree/0.4.0"
            },
            "time": "2020-10-14T19:37:14+00:00"
        },
        {
            "name": "symfony/polyfill-ctype",
            "version": "1.x-dev",
            "source": {
                "type": "git",
                "url": "https://github.com/symfony/polyfill-ctype.git",
                "reference": "ea208ce43cbb04af6867b4fdddb1bdbf84cc28cb"
            },
            "dist": {
                "type": "zip",
                "url": "https://api.github.com/repos/symfony/polyfill-ctype/zipball/ea208ce43cbb04af6867b4fdddb1bdbf84cc28cb",
                "reference": "ea208ce43cbb04af6867b4fdddb1bdbf84cc28cb",
                "shasum": ""
            },
            "require": {
                "php": ">=7.1"
            },
            "provide": {
                "ext-ctype": "*"
            },
            "suggest": {
                "ext-ctype": "For best performance"
            },
            "default-branch": true,
            "type": "library",
            "extra": {
                "branch-alias": {
                    "dev-main": "1.28-dev"
                },
                "thanks": {
                    "name": "symfony/polyfill",
                    "url": "https://github.com/symfony/polyfill"
                }
            },
            "autoload": {
                "files": [
                    "bootstrap.php"
                ],
                "psr-4": {
                    "Symfony\\Polyfill\\Ctype\\": ""
                }
            },
            "notification-url": "https://packagist.org/downloads/",
            "license": [
                "MIT"
            ],
            "authors": [
                {
                    "name": "Gert de Pagter",
                    "email": "BackEndTea@gmail.com"
                },
                {
                    "name": "Symfony Community",
                    "homepage": "https://symfony.com/contributors"
                }
            ],
            "description": "Symfony polyfill for ctype functions",
            "homepage": "https://symfony.com",
            "keywords": [
                "compatibility",
                "ctype",
                "polyfill",
                "portable"
            ],
            "support": {
                "source": "https://github.com/symfony/polyfill-ctype/tree/v1.28.0"
            },
            "funding": [
                {
                    "url": "https://symfony.com/sponsor",
                    "type": "custom"
                },
                {
                    "url": "https://github.com/fabpot",
                    "type": "github"
                },
                {
                    "url": "https://tidelift.com/funding/github/packagist/symfony/symfony",
                    "type": "tidelift"
                }
            ],
            "time": "2023-01-26T09:26:14+00:00"
        },
        {
            "name": "webmozart/assert",
            "version": "1.11.0",
            "source": {
                "type": "git",
                "url": "https://github.com/webmozarts/assert.git",
                "reference": "11cb2199493b2f8a3b53e7f19068fc6aac760991"
            },
            "dist": {
                "type": "zip",
                "url": "https://api.github.com/repos/webmozarts/assert/zipball/11cb2199493b2f8a3b53e7f19068fc6aac760991",
                "reference": "11cb2199493b2f8a3b53e7f19068fc6aac760991",
                "shasum": ""
            },
            "require": {
                "ext-ctype": "*",
                "php": "^7.2 || ^8.0"
            },
            "conflict": {
                "phpstan/phpstan": "<0.12.20",
                "vimeo/psalm": "<4.6.1 || 4.6.2"
            },
            "require-dev": {
                "phpunit/phpunit": "^8.5.13"
            },
            "type": "library",
            "extra": {
                "branch-alias": {
                    "dev-master": "1.10-dev"
                }
            },
            "autoload": {
                "psr-4": {
                    "Webmozart\\Assert\\": "src/"
                }
            },
            "notification-url": "https://packagist.org/downloads/",
            "license": [
                "MIT"
            ],
            "authors": [
                {
                    "name": "Bernhard Schussek",
                    "email": "bschussek@gmail.com"
                }
            ],
            "description": "Assertions to validate method input/output with nice error messages.",
            "keywords": [
                "assert",
                "check",
                "validate"
            ],
            "support": {
                "issues": "https://github.com/webmozarts/assert/issues",
                "source": "https://github.com/webmozarts/assert/tree/1.11.0"
            },
            "time": "2022-06-03T18:03:27+00:00"
        }
    ],
    "packages-dev": [],
    "aliases": [],
    "minimum-stability": "stable",
    "stability-flags": {
        "numphp/numphp": 20,
        "symfony/polyfill-ctype": 20,
        "myclabs/deep-copy": 20
    },
    "prefer-stable": false,
    "prefer-lowest": false,
    "platform": [],
    "platform-dev": [],
    "plugin-api-version": "2.6.0"
}
